# This file is automatically @generated by Cargo.
# It is not intended for manual editing.
version = 3

[[package]]
name = "aya-bpf"
version = "0.1.0"
source = "git+https://github.com/aya-rs/aya#5ebaf5f39369289fbf4f6292dde2d697d45d3111"
dependencies = [
 "aya-bpf-bindings",
 "aya-bpf-cty",
 "aya-bpf-macros",
 "rustversion",
]

[[package]]
name = "aya-bpf-bindings"
version = "0.1.0"
source = "git+https://github.com/aya-rs/aya#5ebaf5f39369289fbf4f6292dde2d697d45d3111"
dependencies = [
 "aya-bpf-cty",
]

[[package]]
name = "aya-bpf-cty"
version = "0.2.1"
source = "git+https://github.com/aya-rs/aya#5ebaf5f39369289fbf4f6292dde2d697d45d3111"

[[package]]
name = "aya-bpf-macros"
version = "0.1.0"
source = "git+https://github.com/aya-rs/aya#5ebaf5f39369289fbf4f6292dde2d697d45d3111"
dependencies = [
 "proc-macro2",
 "quote",
 "syn",
]

[[package]]
name = "aya-log-common"
version = "0.1.13"
source = "git+https://github.com/aya-rs/aya#5ebaf5f39369289fbf4f6292dde2d697d45d3111"
dependencies = [
 "num_enum",
]

[[package]]
name = "aya-log-ebpf"
version = "0.1.0"
source = "git+https://github.com/aya-rs/aya#5ebaf5f39369289fbf4f6292dde2d697d45d3111"
dependencies = [
 "aya-bpf",
 "aya-log-common",
 "aya-log-ebpf-macros",
]

[[package]]
name = "aya-log-ebpf-macros"
version = "0.1.0"
source = "git+https://github.com/aya-rs/aya#5ebaf5f39369289fbf4f6292dde2d697d45d3111"
dependencies = [
 "aya-log-common",
 "aya-log-parser",
 "proc-macro2",
 "quote",
 "syn",
]

[[package]]
name = "aya-log-parser"
version = "0.1.11-dev.0"
source = "git+https://github.com/aya-rs/aya#5ebaf5f39369289fbf4f6292dde2d697d45d3111"
dependencies = [
 "aya-log-common",
]

[[package]]
name = "kprobetcp-ebpf"
version = "0.1.0"
dependencies = [
 "aya-bpf",
 "aya-log-ebpf",
]

[[package]]
name = "num_enum"
version = "0.6.1"
source = "registry+https://github.com/rust-lang/crates.io-index"
checksum = "7a015b430d3c108a207fd776d2e2196aaf8b1cf8cf93253e3a097ff3085076a1"
dependencies = [
 "num_enum_derive",
]

[[package]]
name = "num_enum_derive"
version = "0.6.1"
source = "registry+https://github.com/rust-lang/crates.io-index"
checksum = "96667db765a921f7b295ffee8b60472b686a51d4f21c2ee4ffdb94c7013b65a6"
dependencies = [
 "proc-macro2",
 "quote",
 "syn",
]

[[package]]
name = "proc-macro2"
version = "1.0.66"
source = "registry+https://github.com/rust-lang/crates.io-index"
checksum = "18fb31db3f9bddb2ea821cde30a9f70117e3f119938b5ee630b7403aa6e2ead9"
dependencies = [
 "unicode-ident",
]

[[package]]
name = "quote"
version = "1.0.32"
source = "registry+https://github.com/rust-lang/crates.io-index"
checksum = "50f3b39ccfb720540debaa0164757101c08ecb8d326b15358ce76a62c7e85965"
dependencies = [
 "proc-macro2",
]

[[package]]
name = "rustversion"
version = "1.0.14"
source = "registry+https://github.com/rust-lang/crates.io-index"
checksum = "7ffc183a10b4478d04cbbbfc96d0873219d962dd5accaff2ffbd4ceb7df837f4"

[[package]]
name = "syn"
version = "2.0.27"
source = "registry+https://github.com/rust-lang/crates.io-index"
checksum = "b60f673f44a8255b9c8c657daf66a596d435f2da81a555b06dc644d080ba45e0"
dependencies = [
 "proc-macro2",
 "quote",
 "unicode-ident",
]

[[package]]
name = "unicode-ident"
version = "1.0.11"
source = "registry+https://github.com/rust-lang/crates.io-index"
checksum = "301abaae475aa91687eb82514b328ab47a211a533026cb25fc3e519b86adfc3c"
